
Microsoft Visual Studio Solution File, Format Version 12.00
# Visual Studio Version 16
VisualStudioVersion = 16.0.30002.166
MinimumVisualStudioVersion = 10.0.40219.1
Project("{FAE04EC0-301F-11D3-BF4B-00C04F79EFBC}") = "ch_m_laba_4", "ch_m_laba_4\ch_m_laba_4.csproj", "{000AC46F-B354-4CB0-8482-12ADA28B8621}"
EndProject
Global
	GlobalSection(SolutionConfigurationPlatforms) = preSolution
		Debug|Any CPU = Debug|Any CPU
		Release|Any CPU = Release|Any CPU
	EndGlobalSection
	GlobalSection(ProjectConfigurationPlatforms) = postSolution
		{000AC46F-B354-4CB0-8482-12ADA28B8621}.Debug|Any CPU.ActiveCfg = Debug|Any CPU
		{000AC46F-B354-4CB0-8482-12ADA28B8621}.Debug|Any CPU.Build.0 = Debug|Any CPU
		{000AC46F-B354-4CB0-8482-12ADA28B8621}.Release|Any CPU.ActiveCfg = Release|Any CPU
		{000AC46F-B354-4CB0-8482-12ADA28B8621}.Release|Any CPU.Build.0 = Release|Any CPU
	EndGlobalSection
	GlobalSection(SolutionProperties) = preSolution
		HideSolutionNode = FALSE
	EndGlobalSection
	GlobalSection(ExtensibilityGlobals) = postSolution
		SolutionGuid = {4F4673FF-869E-421A-B584-0AA0FFE505B9}
	EndGlobalSection
EndGlobal
